// !$*UTF8*$!
{
	archiveVersion = 1;
	classes = {
	};
	objectVersion = 50;
	objects = {

/* Begin PBXBuildFile section */
		49EB341B22ECE3EA005D2B70 /* AppDelegate.swift in Sources */ = {isa = PBXBuildFile; fileRef = 49EB341A22ECE3EA005D2B70 /* AppDelegate.swift */; };
		49EB341D22ECE3EA005D2B70 /* ViewController.swift in Sources */ = {isa = PBXBuildFile; fileRef = 49EB341C22ECE3EA005D2B70 /* ViewController.swift */; };
		49EB342022ECE3EA005D2B70 /* Main.storyboard in Resources */ = {isa = PBXBuildFile; fileRef = 49EB341E22ECE3EA005D2B70 /* Main.storyboard */; };
		49EB342222ECE3EB005D2B70 /* Assets.xcassets in Resources */ = {isa = PBXBuildFile; fileRef = 49EB342122ECE3EB005D2B70 /* Assets.xcassets */; };
		49EB342522ECE3EB005D2B70 /* LaunchScreen.storyboard in Resources */ = {isa = PBXBuildFile; fileRef = 49EB342322ECE3EB005D2B70 /* LaunchScreen.storyboard */; };
		49EB342D22ECE909005D2B70 /* submittodoController.swift in Sources */ = {isa = PBXBuildFile; fileRef = 49EB342C22ECE909005D2B70 /* submittodoController.swift */; };
/* End PBXBuildFile section */

/* Begin PBXFileReference section */
		49EB341722ECE3EA005D2B70 /* Todolist2.app */ = {isa = PBXFileReference; explicitFileType = wrapper.application; includeInIndex = 0; path = Todolist2.app; sourceTree = BUILT_PRODUCTS_DIR; };
		49EB341A22ECE3EA005D2B70 /* AppDelegate.swift */ = {isa = PBXFileReference; lastKnownFileType = sourcecode.swift; path = AppDelegate.swift; sourceTree = "<group>"; };
		49EB341C22ECE3EA005D2B70 /* ViewController.swift */ = {isa = PBXFileReference; lastKnownFileType = sourcecode.swift; path = ViewController.swift; sourceTree = "<group>"; };
		49EB341F22ECE3EA005D2B70 /* Base */ = {isa = PBXFileReference; lastKnownFileType = file.storyboard; name = Base; path = Base.lproj/Main.storyboard; sourceTree = "<group>"; };
		49EB342122ECE3EB005D2B70 /* Assets.xcassets */ = {isa = PBXFileReference; lastKnownFileType = folder.assetcatalog; path = Assets.xcassets; sourceTree = "<group>"; };
		49EB342422ECE3EB005D2B70 /* Base */ = {isa = PBXFileReference; lastKnownFileType = file.storyboard; name = Base; path = Base.lproj/LaunchScreen.storyboard; sourceTree = "<group>"; };
		49EB342622ECE3EB005D2B70 /* Info.plist */ = {isa = PBXFileReference; lastKnownFileType = text.plist.xml; path = Info.plist; sourceTree = "<group>"; };
		49EB342C22ECE909005D2B70 /* submittodoController.swift */ = {isa = PBXFileReference; lastKnownFileType = sourcecode.swift; path = submittodoController.swift; sourceTree = "<group>"; };
/* End PBXFileReference section */

/* Begin PBXFrameworksBuildPhase section */
		49EB341422ECE3EA005D2B70 /* Frameworks */ = {
			isa = PBXFrameworksBuildPhase;
			buildActionMask = 2147483647;
			files = (
			);
			runOnlyForDeploymentPostprocessing = 0;
		};
/* End PBXFrameworksBuildPhase section */

/* Begin PBXGroup section */
		49EB340E22ECE3EA005D2B70 = {
			isa = PBXGroup;
			children = (
				49EB341922ECE3EA005D2B70 /* Todolist2 */,
				49EB341822ECE3EA005D2B70 /* Products */,
			);
			sourceTree = "<group>";
		};
		49EB341822ECE3EA005D2B70 /* Products */ = {
			isa = PBXGroup;
			children = (
				49EB341722ECE3EA005D2B70 /* Todolist2.app */,
			);
			name = Products;
			sourceTree = "<group>";
		};
		49EB341922ECE3EA005D2B70 /* Todolist2 */ = {
			isa = PBXGroup;
			children = (
				49EB341A22ECE3EA005D2B70 /* AppDelegate.swift */,
				49EB341C22ECE3EA005D2B70 /* ViewController.swift */,
				49EB342C22ECE909005D2B70 /* submittodoController.swift */,
				49EB341E22ECE3EA005D2B70 /* Main.storyboard */,
				49EB342122ECE3EB005D2B70 /* Assets.xcassets */,
				49EB342322ECE3EB005D2B70 /* LaunchScreen.storyboard */,
				49EB342622ECE3EB005D2B70 /* Info.plist */,
			);
			path = Todolist2;
			sourceTree = "<group>";
		};
/* End PBXGroup section */

/* Begin PBXNativeTarget section */
		49EB341622ECE3EA005D2B70 /* Todolist2 */ = {
			isa = PBXNativeTarget;
			buildConfigurationList = 49EB342922ECE3EB005D2B70 /* Build configuration list for PBXNativeTarget "Todolist2" */;
			buildPhases = (
				49EB341322ECE3EA005D2B70 /* Sources */,
				49EB341422ECE3EA005D2B70 /* Frameworks */,
				49EB341522ECE3EA005D2B70 /* Resources */,
			);
			buildRules = (
			);
			dependencies = (
			);
			name = Todolist2;
			productName = Todolist2;
			productReference = 49EB341722ECE3EA005D2B70 /* Todolist2.app */;
			productType = "com.apple.product-type.application";
		};
/* End PBXNativeTarget section */

/* Begin PBXProject section */
		49EB340F22ECE3EA005D2B70 /* Project object */ = {
			isa = PBXProject;
			attributes = {
				LastSwiftUpdateCheck = 1010;
				LastUpgradeCheck = 1010;
				ORGANIZATIONNAME = IMCS2;
				TargetAttributes = {
					49EB341622ECE3EA005D2B70 = {
						CreatedOnToolsVersion = 10.1;
					};
				};
			};
			buildConfigurationList = 49EB341222ECE3EA005D2B70 /* Build configuration list for PBXProject "Todolist2" */;
			compatibilityVersion = "Xcode 9.3";
			developmentRegion = en;
			hasScannedForEncodings = 0;
			knownRegions = (
				en,
				Base,
			);
			mainGroup = 49EB340E22ECE3EA005D2B70;
			productRefGroup = 49EB341822ECE3EA005D2B70 /* Products */;
			projectDirPath = "";
			projectRoot = "";
			targets = (
				49EB341622ECE3EA005D2B70 /* Todolist2 */,
			);
		};
/* End PBXProject section */

/* Begin PBXResourcesBuildPhase section */
		49EB341522ECE3EA005D2B70 /* Resources */ = {
			isa = PBXResourcesBuildPhase;
			buildActionMask = 2147483647;
			files = (
				49EB342522ECE3EB005D2B70 /* LaunchScreen.storyboard in Resources */,
				49EB342222ECE3EB005D2B70 /* Assets.xcassets in Resources */,
				49EB342022ECE3EA005D2B70 /* Main.storyboard in Resources */,
			);
			runOnlyForDeploymentPostprocessing = 0;
		};
/* End PBXResourcesBuildPhase section */

/* Begin PBXSourcesBuildPhase section */
		49EB341322ECE3EA005D2B70 /* Sources */ = {
			isa = PBXSourcesBuildPhase;
			buildActionMask = 2147483647;
			files = (
				49EB342D22ECE909005D2B70 /* submittodoController.swift in Sources */,
				49EB341D22ECE3EA005D2B70 /* ViewController.swift in Sources */,
				49EB341B22ECE3EA005D2B70 /* AppDelegate.swift in Sources */,
			);
			runOnlyForDeploymentPostprocessing = 0;
		};
/* End PBXSourcesBuildPhase section */

/* Begin PBXVariantGroup section */
		49EB341E22ECE3EA005D2B70 /* Main.storyboard */ = {
			isa = PBXVariantGroup;
			children = (
				49EB341F22ECE3EA005D2B70 /* Base */,
			);
			name = Main.storyboard;
			sourceTree = "<group>";
		};
		49EB342322ECE3EB005D2B70 /* LaunchScreen.storyboard */ = {
			isa = PBXVariantGroup;
			children = (
				49EB342422ECE3EB005D2B70 /* Base */,
			);
			name = LaunchScreen.storyboard;
			sourceTree = "<group>";
		};
/* End PBXVariantGroup section */

/* Begin XCBuildConfiguration section */
		49EB342722ECE3EB005D2B70 /* Debug */ = {
			isa = XCBuildConfiguration;
			buildSettings = {
				ALWAYS_SEARCH_USER_PATHS = NO;
				CLANG_ANALYZER_NONNULL = YES;
				CLANG_ANALYZER_NUMBER_OBJECT_CONVERSION = YES_AGGRESSIVE;
				CLANG_CXX_LANGUAGE_STANDARD = "gnu++14";
				CLANG_CXX_LIBRARY = "libc++";
				CLANG_ENABLE_MODULES = YES;
				CLANG_ENABLE_OBJC_ARC = YES;
				CLANG_ENABLE_OBJC_WEAK = YES;
				CLANG_WARN_BLOCK_CAPTURE_AUTORELEASING = YES;
				CLANG_WARN_BOOL_CONVERSION = YES;
				CLANG_WARN_COMMA = YES;
				CLANG_WARN_CONSTANT_CONVERSION = YES;
				CLANG_WARN_DEPRECATED_OBJC_IMPLEMENTATIONS = YES;
				CLANG_WARN_DIRECT_OBJC_ISA_USAGE = YES_ERROR;
				CLANG_WARN_DOCUMENTATION_COMMENTS = YES;
				CLANG_WARN_EMPTY_BODY = YES;
				CLANG_WARN_ENUM_CONVERSION = YES;
				CLANG_WARN_INFINITE_RECURSION = YES;
				CLANG_WARN_INT_CONVERSION = YES;
				CLANG_WARN_NON_LITERAL_NULL_CONVERSION = YES;
				CLANG_WARN_OBJC_IMPLICIT_RETAIN_SELF = YES;
				CLANG_WARN_OBJC_LITERAL_CONVERSION = YES;
				CLANG_WARN_OBJC_ROOT_CLASS = YES_ERROR;
				CLANG_WARN_RANGE_LOOP_ANALYSIS = YES;
				CLANG_WARN_STRICT_PROTOTYPES = YES;
				CLANG_WARN_SUSPICIOUS_MOVE = YES;
				CLANG_WARN_UNGUARDED_AVAILABILITY = YES_AGGRESSIVE;
				CLANG_WARN_UNREACHABLE_CODE = YES;
				CLANG_WARN__DUPLICATE_METHOD_MATCH = YES;
				CODE_SIGN_IDENTITY = "iPhone Developer";
				COPY_PHASE_STRIP = NO;
				DEBUG_INFORMATION_FORMAT = dwarf;
				ENABLE_STRICT_OBJC_MSGSEND = YES;
				ENABLE_TESTABILITY = YES;
				GCC_C_LANGUAGE_STANDARD = gnu11;
				GCC_DYNAMIC_NO_PIC = NO;
				GCC_NO_COMMON_BLOCKS = YES;
				GCC_OPTIMIZATION_LEVEL = 0;
				GCC_PREPROCESSOR_DEFINITIONS = (
					"DEBUG=1",
					"$(inherited)",
				);
				GCC_WARN_64_TO_32_BIT_CONVERSION = YES;
				GCC_WARN_ABOUT_RETURN_TYPE = YES_ERROR;
				GCC_WARN_UNDECLARED_SELECTOR = YES;
				GCC_WARN_UNINITIALIZED_AUTOS = YES_AGGRESSIVE;
				GCC_WARN_UNUSED_FUNCTION = YES;
				GCC_WARN_UNUSED_VARIABLE = YES;
				IPHONEOS_DEPLOYMENT_TARGET = 12.1;
				MTL_ENABLE_DEBUG_INFO = INCLUDE_SOURCE;
				MTL_FAST_MATH = YES;
				ONLY_ACTIVE_ARCH = YES;
				SDKROOT = iphoneos;
				SWIFT_ACTIVE_COMPILATION_CONDITIONS = DEBUG;
				SWIFT_OPTIMIZATION_LEVEL = "-Onone";
			};
			name = Debug;
		};
		49EB342822ECE3EB005D2B70 /* Release */ = {
			isa = XCBuildConfiguration;
			buildSettings = {
				ALWAYS_SEARCH_USER_PATHS = NO;
				CLANG_ANALYZER_NONNULL = YES;
				CLANG_ANALYZER_NUMBER_OBJECT_CONVERSION = YES_AGGRESSIVE;
				CLANG_CXX_LANGUAGE_STANDARD = "gnu++14";
				CLANG_CXX_LIBRARY = "libc++";
				CLANG_ENABLE_MODULES = YES;
				CLANG_ENABLE_OBJC_ARC = YES;
				CLANG_ENABLE_OBJC_WEAK = YES;
				CLANG_WARN_BLOCK_CAPTURE_AUTORELEASING = YES;
				CLANG_WARN_BOOL_CONVERSION = YES;
				CLANG_WARN_COMMA = YES;
				CLANG_WARN_CONSTANT_CONVERSION = YES;
				CLANG_WARN_DEPRECATED_OBJC_IMPLEMENTATIONS = YES;
				CLANG_WARN_DIRECT_OBJC_ISA_USAGE = YES_ERROR;
				CLANG_WARN_DOCUMENTATION_COMMENTS = YES;
				CLANG_WARN_EMPTY_BODY = YES;
				CLANG_WARN_ENUM_CONVERSION = YES;
				CLANG_WARN_INFINITE_RECURSION = YES;
				CLANG_WARN_INT_CONVERSION = YES;
				CLANG_WARN_NON_LITERAL_NULL_CONVERSION = YES;
				CLANG_WARN_OBJC_IMPLICIT_RETAIN_SELF = YES;
				CLANG_WARN_OBJC_LITERAL_CONVERSION = YES;
				CLANG_WARN_OBJC_ROOT_CLASS = YES_ERROR;
				CLANG_WARN_RANGE_LOOP_ANALYSIS = YES;
				CLANG_WARN_STRICT_PROTOTYPES = YES;
				CLANG_WARN_SUSPICIOUS_MOVE = YES;
				CLANG_WARN_UNGUARDED_AVAILABILITY = YES_AGGRESSIVE;
				CLANG_WARN_UNREACHABLE_CODE = YES;
				CLANG_WARN__DUPLICATE_METHOD_MATCH = YES;
				CODE_SIGN_IDENTITY = "iPhone Developer";
				COPY_PHASE_STRIP = NO;
				DEBUG_INFORMATION_FORMAT = "dwarf-with-dsym";
				ENABLE_NS_ASSERTIONS = NO;
				ENABLE_STRICT_OBJC_MSGSEND = YES;
				GCC_C_LANGUAGE_STANDARD = gnu11;
				GCC_NO_COMMON_BLOCKS = YES;
				GCC_WARN_64_TO_32_BIT_CONVERSION = YES;
				GCC_WARN_ABOUT_RETURN_TYPE = YES_ERROR;
				GCC_WARN_UNDECLARED_SELECTOR = YES;
				GCC_WARN_UNINITIALIZED_AUTOS = YES_AGGRESSIVE;
				GCC_WARN_UNUSED_FUNCTION = YES;
				GCC_WARN_UNUSED_VARIABLE = YES;
				IPHONEOS_DEPLOYMENT_TARGET = 12.1;
				MTL_ENABLE_DEBUG_INFO = NO;
				MTL_FAST_MATH = YES;
				SDKROOT = iphoneos;
				SWIFT_COMPILATION_MODE = wholemodule;
				SWIFT_OPTIMIZATION_LEVEL = "-O";
				VALIDATE_PRODUCT = YES;
			};
			name = Release;
		};
		49EB342A22ECE3EB005D2B70 /* Debug */ = {
			isa = XCBuildConfiguration;
			buildSettings = {
				ASSETCATALOG_COMPILER_APPICON_NAME = AppIcon;
				CODE_SIGN_STYLE = Automatic;
				INFOPLIST_FILE = Todolist2/Info.plist;
				LD_RUNPATH_SEARCH_PATHS = (
					"$(inherited)",
					"@executable_path/Frameworks",
				);
				PRODUCT_BUNDLE_IDENTIFIER = a.Todolist2;
				PRODUCT_NAME = "$(TARGET_NAME)";
				SWIFT_VERSION = 4.2;
				TARGETED_DEVICE_FAMILY = "1,2";
			};
			name = Debug;
		};
		49EB342B22ECE3EB005D2B70 /* Release */ = {
			isa = XCBuildConfiguration;
			buildSettings = {
				ASSETCATALOG_COMPILER_APPICON_NAME = AppIcon;
				CODE_SIGN_STYLE = Automatic;
				INFOPLIST_FILE = Todolist2/Info.plist;
				LD_RUNPATH_SEARCH_PATHS = (
					"$(inherited)",
					"@executable_path/Frameworks",
				);
				PRODUCT_BUNDLE_IDENTIFIER = a.Todolist2;
				PRODUCT_NAME = "$(TARGET_NAME)";
				SWIFT_VERSION = 4.2;
				TARGETED_DEVICE_FAMILY = "1,2";
			};
			name = Release;
		};
/* End XCBuildConfiguration section */

/* Begin XCConfigurationList section */
		49EB341222ECE3EA005D2B70 /* Build configuration list for PBXProject "Todolist2" */ = {
			isa = XCConfigurationList;
			buildConfigurations = (
				49EB342722ECE3EB005D2B70 /* Debug */,
				49EB342822ECE3EB005D2B70 /* Release */,
			);
			defaultConfigurationIsVisible = 0;
			defaultConfigurationName = Release;
		};
		49EB342922ECE3EB005D2B70 /* Build configuration list for PBXNativeTarget "Todolist2" */ = {
			isa = XCConfigurationList;
			buildConfigurations = (
				49EB342A22ECE3EB005D2B70 /* Debug */,
				49EB342B22ECE3EB005D2B70 /* Release */,
			);
			defaultConfigurationIsVisible = 0;
			defaultConfigurationName = Release;
		};
/* End XCConfigurationList section */
	};
	rootObject = 49EB340F22ECE3EA005D2B70 /* Project object */;
}
